
Microsoft Visual Studio Solution File, Format Version 12.00
# Visual Studio Version 17
VisualStudioVersion = 17.0.31606.5
MinimumVisualStudioVersion = 10.0.40219.1
Project("{FAE04EC0-301F-11D3-BF4B-00C04F79EFBC}") = "Uddata++", "Uddata++\Uddata++.csproj", "{D69F40A9-44A9-494E-94B9-C9986F1EDA0B}"
EndProject
Global
	GlobalSection(SolutionConfigurationPlatforms) = preSolution
		Debug|Any CPU = Debug|Any CPU
		Release|Any CPU = Release|Any CPU
	EndGlobalSection
	GlobalSection(ProjectConfigurationPlatforms) = postSolution
		{D69F40A9-44A9-494E-94B9-C9986F1EDA0B}.Debug|Any CPU.ActiveCfg = Debug|Any CPU
		{D69F40A9-44A9-494E-94B9-C9986F1EDA0B}.Debug|Any CPU.Build.0 = Debug|Any CPU
		{D69F40A9-44A9-494E-94B9-C9986F1EDA0B}.Release|Any CPU.ActiveCfg = Release|Any CPU
		{D69F40A9-44A9-494E-94B9-C9986F1EDA0B}.Release|Any CPU.Build.0 = Release|Any CPU
	EndGlobalSection
	GlobalSection(SolutionProperties) = preSolution
		HideSolutionNode = FALSE
	EndGlobalSection
	GlobalSection(ExtensibilityGlobals) = postSolution
		SolutionGuid = {B21C04F1-A463-4884-AF7B-92EEF6791922}
	EndGlobalSection
EndGlobal
